// !$*UTF8*$!
{
	archiveVersion = 1;
	classes = {
	};
	objectVersion = 50;
	objects = {

/* Begin PBXBuildFile section */
		AC251F4221DD798E00A62718 /* MenuViewController.swift in Sources */ = {isa = PBXBuildFile; fileRef = AC251F4021DD798D00A62718 /* MenuViewController.swift */; };
		AC251F4321DD798E00A62718 /* ExerciseCollectionView.swift in Sources */ = {isa = PBXBuildFile; fileRef = AC251F4121DD798D00A62718 /* ExerciseCollectionView.swift */; };
		AC251F4521DD799B00A62718 /* AutoLayout.swift in Sources */ = {isa = PBXBuildFile; fileRef = AC251F4421DD799B00A62718 /* AutoLayout.swift */; };
		AC251F4A21DD7AEF00A62718 /* Default-568h@2x.png in Resources */ = {isa = PBXBuildFile; fileRef = AC251F4921DD7AEF00A62718 /* Default-568h@2x.png */; };
		AC251F4C21DD7B0D00A62718 /* ExerciseCell.swift in Sources */ = {isa = PBXBuildFile; fileRef = AC251F4B21DD7B0D00A62718 /* ExerciseCell.swift */; };
		AC251F4F21DD814D00A62718 /* Merriweather-Bold.ttf in Resources */ = {isa = PBXBuildFile; fileRef = AC251F4D21DD814D00A62718 /* Merriweather-Bold.ttf */; };
		AC251F5021DD814D00A62718 /* Merriweather-Regular.ttf in Resources */ = {isa = PBXBuildFile; fileRef = AC251F4E21DD814D00A62718 /* Merriweather-Regular.ttf */; };
		AC251F5321DD81AA00A62718 /* UIColor+Theme.swift in Sources */ = {isa = PBXBuildFile; fileRef = AC251F5221DD81AA00A62718 /* UIColor+Theme.swift */; };
		BF7E0EEB21DD77A8004D278C /* AppDelegate.swift in Sources */ = {isa = PBXBuildFile; fileRef = BF7E0EEA21DD77A8004D278C /* AppDelegate.swift */; };
		BF7E0EF021DD77A8004D278C /* Main.storyboard in Resources */ = {isa = PBXBuildFile; fileRef = BF7E0EEE21DD77A8004D278C /* Main.storyboard */; };
		BF7E0EF221DD77A9004D278C /* Assets.xcassets in Resources */ = {isa = PBXBuildFile; fileRef = BF7E0EF121DD77A9004D278C /* Assets.xcassets */; };
		BF7E0EF521DD77A9004D278C /* LaunchScreen.storyboard in Resources */ = {isa = PBXBuildFile; fileRef = BF7E0EF321DD77A9004D278C /* LaunchScreen.storyboard */; };
		BF7E0F0021DDC64A004D278C /* ExcercisesViewController.swift in Sources */ = {isa = PBXBuildFile; fileRef = BF7E0EFF21DDC64A004D278C /* ExcercisesViewController.swift */; };
		BF7E0F0321DDE2C2004D278C /* ExcerciseViewController.swift in Sources */ = {isa = PBXBuildFile; fileRef = BF7E0F0221DDE2C2004D278C /* ExcerciseViewController.swift */; };
/* End PBXBuildFile section */

/* Begin PBXFileReference section */
		AC251F4021DD798D00A62718 /* MenuViewController.swift */ = {isa = PBXFileReference; fileEncoding = 4; lastKnownFileType = sourcecode.swift; path = MenuViewController.swift; sourceTree = "<group>"; };
		AC251F4121DD798D00A62718 /* ExerciseCollectionView.swift */ = {isa = PBXFileReference; fileEncoding = 4; lastKnownFileType = sourcecode.swift; path = ExerciseCollectionView.swift; sourceTree = "<group>"; };
		AC251F4421DD799B00A62718 /* AutoLayout.swift */ = {isa = PBXFileReference; fileEncoding = 4; lastKnownFileType = sourcecode.swift; path = AutoLayout.swift; sourceTree = "<group>"; };
		AC251F4921DD7AEF00A62718 /* Default-568h@2x.png */ = {isa = PBXFileReference; lastKnownFileType = image.png; path = "Default-568h@2x.png"; sourceTree = "<group>"; };
		AC251F4B21DD7B0D00A62718 /* ExerciseCell.swift */ = {isa = PBXFileReference; lastKnownFileType = sourcecode.swift; path = ExerciseCell.swift; sourceTree = "<group>"; };
		AC251F4D21DD814D00A62718 /* Merriweather-Bold.ttf */ = {isa = PBXFileReference; lastKnownFileType = file; path = "Merriweather-Bold.ttf"; sourceTree = "<group>"; };
		AC251F4E21DD814D00A62718 /* Merriweather-Regular.ttf */ = {isa = PBXFileReference; lastKnownFileType = file; path = "Merriweather-Regular.ttf"; sourceTree = "<group>"; };
		AC251F5221DD81AA00A62718 /* UIColor+Theme.swift */ = {isa = PBXFileReference; lastKnownFileType = sourcecode.swift; path = "UIColor+Theme.swift"; sourceTree = "<group>"; };
		BF7E0EE721DD77A8004D278C /* Facial Exercises.app */ = {isa = PBXFileReference; explicitFileType = wrapper.application; includeInIndex = 0; path = "Facial Exercises.app"; sourceTree = BUILT_PRODUCTS_DIR; };
		BF7E0EEA21DD77A8004D278C /* AppDelegate.swift */ = {isa = PBXFileReference; lastKnownFileType = sourcecode.swift; path = AppDelegate.swift; sourceTree = "<group>"; };
		BF7E0EEF21DD77A8004D278C /* Base */ = {isa = PBXFileReference; lastKnownFileType = file.storyboard; name = Base; path = Base.lproj/Main.storyboard; sourceTree = "<group>"; };
		BF7E0EF121DD77A9004D278C /* Assets.xcassets */ = {isa = PBXFileReference; lastKnownFileType = folder.assetcatalog; path = Assets.xcassets; sourceTree = "<group>"; };
		BF7E0EF421DD77A9004D278C /* Base */ = {isa = PBXFileReference; lastKnownFileType = file.storyboard; name = Base; path = Base.lproj/LaunchScreen.storyboard; sourceTree = "<group>"; };
		BF7E0EF621DD77A9004D278C /* Info.plist */ = {isa = PBXFileReference; lastKnownFileType = text.plist.xml; path = Info.plist; sourceTree = "<group>"; };
		BF7E0EFF21DDC64A004D278C /* ExcercisesViewController.swift */ = {isa = PBXFileReference; lastKnownFileType = sourcecode.swift; path = ExcercisesViewController.swift; sourceTree = "<group>"; };
		BF7E0F0221DDE2C2004D278C /* ExcerciseViewController.swift */ = {isa = PBXFileReference; lastKnownFileType = sourcecode.swift; path = ExcerciseViewController.swift; sourceTree = "<group>"; };
/* End PBXFileReference section */

/* Begin PBXFrameworksBuildPhase section */
		BF7E0EE421DD77A8004D278C /* Frameworks */ = {
			isa = PBXFrameworksBuildPhase;
			buildActionMask = 2147483647;
			files = (
			);
			runOnlyForDeploymentPostprocessing = 0;
		};
/* End PBXFrameworksBuildPhase section */

/* Begin PBXGroup section */
		AC251F4621DD799E00A62718 /* Menu */ = {
			isa = PBXGroup;
			children = (
				AC251F4021DD798D00A62718 /* MenuViewController.swift */,
				AC251F4121DD798D00A62718 /* ExerciseCollectionView.swift */,
				AC251F4B21DD7B0D00A62718 /* ExerciseCell.swift */,
			);
			path = Menu;
			sourceTree = "<group>";
		};
		AC251F4721DD79A200A62718 /* Utils */ = {
			isa = PBXGroup;
			children = (
				AC251F4421DD799B00A62718 /* AutoLayout.swift */,
				AC251F5221DD81AA00A62718 /* UIColor+Theme.swift */,
			);
			path = Utils;
			sourceTree = "<group>";
		};
		AC251F4821DD79A600A62718 /* Resources */ = {
			isa = PBXGroup;
			children = (
				AC251F5121DD815400A62718 /* Fonts */,
				BF7E0EEA21DD77A8004D278C /* AppDelegate.swift */,
				BF7E0EEE21DD77A8004D278C /* Main.storyboard */,
				BF7E0EF121DD77A9004D278C /* Assets.xcassets */,
				BF7E0EF321DD77A9004D278C /* LaunchScreen.storyboard */,
				BF7E0EF621DD77A9004D278C /* Info.plist */,
			);
			path = Resources;
			sourceTree = "<group>";
		};
		AC251F5121DD815400A62718 /* Fonts */ = {
			isa = PBXGroup;
			children = (
				AC251F4D21DD814D00A62718 /* Merriweather-Bold.ttf */,
				AC251F4E21DD814D00A62718 /* Merriweather-Regular.ttf */,
			);
			path = Fonts;
			sourceTree = "<group>";
		};
		BF7E0EDE21DD77A8004D278C = {
			isa = PBXGroup;
			children = (
				AC251F4921DD7AEF00A62718 /* Default-568h@2x.png */,
				BF7E0EE921DD77A8004D278C /* Facial Exercises */,
				BF7E0EE821DD77A8004D278C /* Products */,
			);
			sourceTree = "<group>";
		};
		BF7E0EE821DD77A8004D278C /* Products */ = {
			isa = PBXGroup;
			children = (
				BF7E0EE721DD77A8004D278C /* Facial Exercises.app */,
			);
			name = Products;
			sourceTree = "<group>";
		};
		BF7E0EE921DD77A8004D278C /* Facial Exercises */ = {
			isa = PBXGroup;
			children = (
				AC251F4621DD799E00A62718 /* Menu */,
				BF7E0F0121DDCF3E004D278C /* Excercies */,
				AC251F4721DD79A200A62718 /* Utils */,
				AC251F4821DD79A600A62718 /* Resources */,
			);
			path = "Facial Exercises";
			sourceTree = "<group>";
		};
		BF7E0F0121DDCF3E004D278C /* Excercies */ = {
			isa = PBXGroup;
			children = (
				BF7E0F0221DDE2C2004D278C /* ExcerciseViewController.swift */,
				BF7E0EFF21DDC64A004D278C /* ExcercisesViewController.swift */,
			);
			path = Excercies;
			sourceTree = "<group>";
		};
/* End PBXGroup section */

/* Begin PBXNativeTarget section */
		BF7E0EE621DD77A8004D278C /* Facial Exercises */ = {
			isa = PBXNativeTarget;
			buildConfigurationList = BF7E0EF921DD77A9004D278C /* Build configuration list for PBXNativeTarget "Facial Exercises" */;
			buildPhases = (
				BF7E0EE321DD77A8004D278C /* Sources */,
				BF7E0EE421DD77A8004D278C /* Frameworks */,
				BF7E0EE521DD77A8004D278C /* Resources */,
			);
			buildRules = (
			);
			dependencies = (
			);
			name = "Facial Exercises";
			productName = "Facial Exercises";
			productReference = BF7E0EE721DD77A8004D278C /* Facial Exercises.app */;
			productType = "com.apple.product-type.application";
		};
/* End PBXNativeTarget section */

/* Begin PBXProject section */
		BF7E0EDF21DD77A8004D278C /* Project object */ = {
			isa = PBXProject;
			attributes = {
				LastSwiftUpdateCheck = 1010;
				LastUpgradeCheck = 1010;
				ORGANIZATIONNAME = "Vuk Radosavljevic";
				TargetAttributes = {
					BF7E0EE621DD77A8004D278C = {
						CreatedOnToolsVersion = 10.1;
					};
				};
			};
			buildConfigurationList = BF7E0EE221DD77A8004D278C /* Build configuration list for PBXProject "Facial Exercises" */;
			compatibilityVersion = "Xcode 9.3";
			developmentRegion = en;
			hasScannedForEncodings = 0;
			knownRegions = (
				en,
				Base,
			);
			mainGroup = BF7E0EDE21DD77A8004D278C;
			productRefGroup = BF7E0EE821DD77A8004D278C /* Products */;
			projectDirPath = "";
			projectRoot = "";
			targets = (
				BF7E0EE621DD77A8004D278C /* Facial Exercises */,
			);
		};
/* End PBXProject section */

/* Begin PBXResourcesBuildPhase section */
		BF7E0EE521DD77A8004D278C /* Resources */ = {
			isa = PBXResourcesBuildPhase;
			buildActionMask = 2147483647;
			files = (
				BF7E0EF521DD77A9004D278C /* LaunchScreen.storyboard in Resources */,
				AC251F4A21DD7AEF00A62718 /* Default-568h@2x.png in Resources */,
				AC251F4F21DD814D00A62718 /* Merriweather-Bold.ttf in Resources */,
				BF7E0EF221DD77A9004D278C /* Assets.xcassets in Resources */,
				AC251F5021DD814D00A62718 /* Merriweather-Regular.ttf in Resources */,
				BF7E0EF021DD77A8004D278C /* Main.storyboard in Resources */,
			);
			runOnlyForDeploymentPostprocessing = 0;
		};
/* End PBXResourcesBuildPhase section */

/* Begin PBXSourcesBuildPhase section */
		BF7E0EE321DD77A8004D278C /* Sources */ = {
			isa = PBXSourcesBuildPhase;
			buildActionMask = 2147483647;
			files = (
				AC251F4221DD798E00A62718 /* MenuViewController.swift in Sources */,
				AC251F4321DD798E00A62718 /* ExerciseCollectionView.swift in Sources */,
				BF7E0F0321DDE2C2004D278C /* ExcerciseViewController.swift in Sources */,
				AC251F4521DD799B00A62718 /* AutoLayout.swift in Sources */,
				AC251F5321DD81AA00A62718 /* UIColor+Theme.swift in Sources */,
				BF7E0F0021DDC64A004D278C /* ExcercisesViewController.swift in Sources */,
				AC251F4C21DD7B0D00A62718 /* ExerciseCell.swift in Sources */,
				BF7E0EEB21DD77A8004D278C /* AppDelegate.swift in Sources */,
			);
			runOnlyForDeploymentPostprocessing = 0;
		};
/* End PBXSourcesBuildPhase section */

/* Begin PBXVariantGroup section */
		BF7E0EEE21DD77A8004D278C /* Main.storyboard */ = {
			isa = PBXVariantGroup;
			children = (
				BF7E0EEF21DD77A8004D278C /* Base */,
			);
			name = Main.storyboard;
			sourceTree = "<group>";
		};
		BF7E0EF321DD77A9004D278C /* LaunchScreen.storyboard */ = {
			isa = PBXVariantGroup;
			children = (
				BF7E0EF421DD77A9004D278C /* Base */,
			);
			name = LaunchScreen.storyboard;
			sourceTree = "<group>";
		};
/* End PBXVariantGroup section */

/* Begin XCBuildConfiguration section */
		BF7E0EF721DD77A9004D278C /* Debug */ = {
			isa = XCBuildConfiguration;
			buildSettings = {
				ALWAYS_SEARCH_USER_PATHS = NO;
				CLANG_ANALYZER_NONNULL = YES;
				CLANG_ANALYZER_NUMBER_OBJECT_CONVERSION = YES_AGGRESSIVE;
				CLANG_CXX_LANGUAGE_STANDARD = "gnu++14";
				CLANG_CXX_LIBRARY = "libc++";
				CLANG_ENABLE_MODULES = YES;
				CLANG_ENABLE_OBJC_ARC = YES;
				CLANG_ENABLE_OBJC_WEAK = YES;
				CLANG_WARN_BLOCK_CAPTURE_AUTORELEASING = YES;
				CLANG_WARN_BOOL_CONVERSION = YES;
				CLANG_WARN_COMMA = YES;
				CLANG_WARN_CONSTANT_CONVERSION = YES;
				CLANG_WARN_DEPRECATED_OBJC_IMPLEMENTATIONS = YES;
				CLANG_WARN_DIRECT_OBJC_ISA_USAGE = YES_ERROR;
				CLANG_WARN_DOCUMENTATION_COMMENTS = YES;
				CLANG_WARN_EMPTY_BODY = YES;
				CLANG_WARN_ENUM_CONVERSION = YES;
				CLANG_WARN_INFINITE_RECURSION = YES;
				CLANG_WARN_INT_CONVERSION = YES;
				CLANG_WARN_NON_LITERAL_NULL_CONVERSION = YES;
				CLANG_WARN_OBJC_IMPLICIT_RETAIN_SELF = YES;
				CLANG_WARN_OBJC_LITERAL_CONVERSION = YES;
				CLANG_WARN_OBJC_ROOT_CLASS = YES_ERROR;
				CLANG_WARN_RANGE_LOOP_ANALYSIS = YES;
				CLANG_WARN_STRICT_PROTOTYPES = YES;
				CLANG_WARN_SUSPICIOUS_MOVE = YES;
				CLANG_WARN_UNGUARDED_AVAILABILITY = YES_AGGRESSIVE;
				CLANG_WARN_UNREACHABLE_CODE = YES;
				CLANG_WARN__DUPLICATE_METHOD_MATCH = YES;
				CODE_SIGN_IDENTITY = "iPhone Developer";
				COPY_PHASE_STRIP = NO;
				DEBUG_INFORMATION_FORMAT = dwarf;
				ENABLE_STRICT_OBJC_MSGSEND = YES;
				ENABLE_TESTABILITY = YES;
				GCC_C_LANGUAGE_STANDARD = gnu11;
				GCC_DYNAMIC_NO_PIC = NO;
				GCC_NO_COMMON_BLOCKS = YES;
				GCC_OPTIMIZATION_LEVEL = 0;
				GCC_PREPROCESSOR_DEFINITIONS = (
					"DEBUG=1",
					"$(inherited)",
				);
				GCC_WARN_64_TO_32_BIT_CONVERSION = YES;
				GCC_WARN_ABOUT_RETURN_TYPE = YES_ERROR;
				GCC_WARN_UNDECLARED_SELECTOR = YES;
				GCC_WARN_UNINITIALIZED_AUTOS = YES_AGGRESSIVE;
				GCC_WARN_UNUSED_FUNCTION = YES;
				GCC_WARN_UNUSED_VARIABLE = YES;
				IPHONEOS_DEPLOYMENT_TARGET = 12.1;
				MTL_ENABLE_DEBUG_INFO = INCLUDE_SOURCE;
				MTL_FAST_MATH = YES;
				ONLY_ACTIVE_ARCH = YES;
				SDKROOT = iphoneos;
				SWIFT_ACTIVE_COMPILATION_CONDITIONS = DEBUG;
				SWIFT_OPTIMIZATION_LEVEL = "-Onone";
			};
			name = Debug;
		};
		BF7E0EF821DD77A9004D278C /* Release */ = {
			isa = XCBuildConfiguration;
			buildSettings = {
				ALWAYS_SEARCH_USER_PATHS = NO;
				CLANG_ANALYZER_NONNULL = YES;
				CLANG_ANALYZER_NUMBER_OBJECT_CONVERSION = YES_AGGRESSIVE;
				CLANG_CXX_LANGUAGE_STANDARD = "gnu++14";
				CLANG_CXX_LIBRARY = "libc++";
				CLANG_ENABLE_MODULES = YES;
				CLANG_ENABLE_OBJC_ARC = YES;
				CLANG_ENABLE_OBJC_WEAK = YES;
				CLANG_WARN_BLOCK_CAPTURE_AUTORELEASING = YES;
				CLANG_WARN_BOOL_CONVERSION = YES;
				CLANG_WARN_COMMA = YES;
				CLANG_WARN_CONSTANT_CONVERSION = YES;
				CLANG_WARN_DEPRECATED_OBJC_IMPLEMENTATIONS = YES;
				CLANG_WARN_DIRECT_OBJC_ISA_USAGE = YES_ERROR;
				CLANG_WARN_DOCUMENTATION_COMMENTS = YES;
				CLANG_WARN_EMPTY_BODY = YES;
				CLANG_WARN_ENUM_CONVERSION = YES;
				CLANG_WARN_INFINITE_RECURSION = YES;
				CLANG_WARN_INT_CONVERSION = YES;
				CLANG_WARN_NON_LITERAL_NULL_CONVERSION = YES;
				CLANG_WARN_OBJC_IMPLICIT_RETAIN_SELF = YES;
				CLANG_WARN_OBJC_LITERAL_CONVERSION = YES;
				CLANG_WARN_OBJC_ROOT_CLASS = YES_ERROR;
				CLANG_WARN_RANGE_LOOP_ANALYSIS = YES;
				CLANG_WARN_STRICT_PROTOTYPES = YES;
				CLANG_WARN_SUSPICIOUS_MOVE = YES;
				CLANG_WARN_UNGUARDED_AVAILABILITY = YES_AGGRESSIVE;
				CLANG_WARN_UNREACHABLE_CODE = YES;
				CLANG_WARN__DUPLICATE_METHOD_MATCH = YES;
				CODE_SIGN_IDENTITY = "iPhone Developer";
				COPY_PHASE_STRIP = NO;
				DEBUG_INFORMATION_FORMAT = "dwarf-with-dsym";
				ENABLE_NS_ASSERTIONS = NO;
				ENABLE_STRICT_OBJC_MSGSEND = YES;
				GCC_C_LANGUAGE_STANDARD = gnu11;
				GCC_NO_COMMON_BLOCKS = YES;
				GCC_WARN_64_TO_32_BIT_CONVERSION = YES;
				GCC_WARN_ABOUT_RETURN_TYPE = YES_ERROR;
				GCC_WARN_UNDECLARED_SELECTOR = YES;
				GCC_WARN_UNINITIALIZED_AUTOS = YES_AGGRESSIVE;
				GCC_WARN_UNUSED_FUNCTION = YES;
				GCC_WARN_UNUSED_VARIABLE = YES;
				IPHONEOS_DEPLOYMENT_TARGET = 12.1;
				MTL_ENABLE_DEBUG_INFO = NO;
				MTL_FAST_MATH = YES;
				SDKROOT = iphoneos;
				SWIFT_COMPILATION_MODE = wholemodule;
				SWIFT_OPTIMIZATION_LEVEL = "-O";
				VALIDATE_PRODUCT = YES;
			};
			name = Release;
		};
		BF7E0EFA21DD77A9004D278C /* Debug */ = {
			isa = XCBuildConfiguration;
			buildSettings = {
				ASSETCATALOG_COMPILER_APPICON_NAME = AppIcon;
				CODE_SIGN_STYLE = Automatic;
				DEVELOPMENT_TEAM = SPRLQ9JET8;
				INFOPLIST_FILE = "$(SRCROOT)/Facial Exercises/Resources/Info.plist";
				LD_RUNPATH_SEARCH_PATHS = (
					"$(inherited)",
					"@executable_path/Frameworks",
				);
				PRODUCT_BUNDLE_IDENTIFIER = "com.vukr.Facial-Exercises";
				PRODUCT_NAME = "$(TARGET_NAME)";
				SWIFT_VERSION = 4.2;
				TARGETED_DEVICE_FAMILY = "1,2";
			};
			name = Debug;
		};
		BF7E0EFB21DD77A9004D278C /* Release */ = {
			isa = XCBuildConfiguration;
			buildSettings = {
				ASSETCATALOG_COMPILER_APPICON_NAME = AppIcon;
				CODE_SIGN_STYLE = Automatic;
				DEVELOPMENT_TEAM = SPRLQ9JET8;
				INFOPLIST_FILE = "$(SRCROOT)/Facial Exercises/Resources/Info.plist";
				LD_RUNPATH_SEARCH_PATHS = (
					"$(inherited)",
					"@executable_path/Frameworks",
				);
				PRODUCT_BUNDLE_IDENTIFIER = "com.vukr.Facial-Exercises";
				PRODUCT_NAME = "$(TARGET_NAME)";
				SWIFT_VERSION = 4.2;
				TARGETED_DEVICE_FAMILY = "1,2";
			};
			name = Release;
		};
/* End XCBuildConfiguration section */

/* Begin XCConfigurationList section */
		BF7E0EE221DD77A8004D278C /* Build configuration list for PBXProject "Facial Exercises" */ = {
			isa = XCConfigurationList;
			buildConfigurations = (
				BF7E0EF721DD77A9004D278C /* Debug */,
				BF7E0EF821DD77A9004D278C /* Release */,
			);
			defaultConfigurationIsVisible = 0;
			defaultConfigurationName = Release;
		};
		BF7E0EF921DD77A9004D278C /* Build configuration list for PBXNativeTarget "Facial Exercises" */ = {
			isa = XCConfigurationList;
			buildConfigurations = (
				BF7E0EFA21DD77A9004D278C /* Debug */,
				BF7E0EFB21DD77A9004D278C /* Release */,
			);
			defaultConfigurationIsVisible = 0;
			defaultConfigurationName = Release;
		};
/* End XCConfigurationList section */
	};
	rootObject = BF7E0EDF21DD77A8004D278C /* Project object */;
}
