// !$*UTF8*$!
{
	archiveVersion = 1;
	classes = {
	};
	objectVersion = 50;
	objects = {

/* Begin PBXBuildFile section */
		121FD5EECC7DB6912806BFB3 /* Pods_Facial_Exercises.framework in Frameworks */ = {isa = PBXBuildFile; fileRef = 6F573AD28E552FD36A6A0C9C /* Pods_Facial_Exercises.framework */; };
		225FE1C121E6BE61001B2202 /* ExerciseController.swift in Sources */ = {isa = PBXBuildFile; fileRef = 225FE1C021E6BE61001B2202 /* ExerciseController.swift */; };
		2271C8CF21DE2C3700764C5E /* FacialExercise.swift in Sources */ = {isa = PBXBuildFile; fileRef = 2271C8CE21DE2C3700764C5E /* FacialExercise.swift */; };
		2271C8D721DE308900764C5E /* CoreDataStack.swift in Sources */ = {isa = PBXBuildFile; fileRef = 2271C8D321DE308800764C5E /* CoreDataStack.swift */; };
		2271C8D821DE308900764C5E /* Exercise+Convenience.swift in Sources */ = {isa = PBXBuildFile; fileRef = 2271C8D421DE308800764C5E /* Exercise+Convenience.swift */; };
		2271C8D921DE308900764C5E /* Exercise.xcdatamodeld in Sources */ = {isa = PBXBuildFile; fileRef = 2271C8D521DE308800764C5E /* Exercise.xcdatamodeld */; };
		228E6AB821DEB6B60060ED5E /* UserStatHistoryView.swift in Sources */ = {isa = PBXBuildFile; fileRef = 228E6AB721DEB6B60060ED5E /* UserStatHistoryView.swift */; };
		3D94188321DE601A0000FAD0 /* ResultViewController.swift in Sources */ = {isa = PBXBuildFile; fileRef = 3D94188221DE601A0000FAD0 /* ResultViewController.swift */; };
		3DEF492B21DF0399007D900A /* ExerciseHistoryCollectionView.swift in Sources */ = {isa = PBXBuildFile; fileRef = 3DEF492821DF0399007D900A /* ExerciseHistoryCollectionView.swift */; };
		3DEF492C21DF0399007D900A /* ChartsCollectionView.swift in Sources */ = {isa = PBXBuildFile; fileRef = 3DEF492921DF0399007D900A /* ChartsCollectionView.swift */; };
		3DEF492D21DF0399007D900A /* ProgressViewController.swift in Sources */ = {isa = PBXBuildFile; fileRef = 3DEF492A21DF0399007D900A /* ProgressViewController.swift */; };
		3DEF493021DF2881007D900A /* LevelHelper.swift in Sources */ = {isa = PBXBuildFile; fileRef = 3DEF492F21DF2881007D900A /* LevelHelper.swift */; };
		AC251F4221DD798E00A62718 /* MenuViewController.swift in Sources */ = {isa = PBXBuildFile; fileRef = AC251F4021DD798D00A62718 /* MenuViewController.swift */; };
		AC251F4321DD798E00A62718 /* ExerciseCollectionView.swift in Sources */ = {isa = PBXBuildFile; fileRef = AC251F4121DD798D00A62718 /* ExerciseCollectionView.swift */; };
		AC251F4521DD799B00A62718 /* AutoLayout.swift in Sources */ = {isa = PBXBuildFile; fileRef = AC251F4421DD799B00A62718 /* AutoLayout.swift */; };
		AC251F4C21DD7B0D00A62718 /* ExerciseCell.swift in Sources */ = {isa = PBXBuildFile; fileRef = AC251F4B21DD7B0D00A62718 /* ExerciseCell.swift */; };
		AC251F4F21DD814D00A62718 /* Merriweather-Bold.ttf in Resources */ = {isa = PBXBuildFile; fileRef = AC251F4D21DD814D00A62718 /* Merriweather-Bold.ttf */; };
		AC251F5021DD814D00A62718 /* Merriweather-Regular.ttf in Resources */ = {isa = PBXBuildFile; fileRef = AC251F4E21DD814D00A62718 /* Merriweather-Regular.ttf */; };
		AC251F5321DD81AA00A62718 /* UIColor+Theme.swift in Sources */ = {isa = PBXBuildFile; fileRef = AC251F5221DD81AA00A62718 /* UIColor+Theme.swift */; };
		AC9BD0D621DEC5D700467B57 /* AlertHelper.swift in Sources */ = {isa = PBXBuildFile; fileRef = AC9BD0D521DEC5D700467B57 /* AlertHelper.swift */; };
		AC9BD0D821DECFA500467B57 /* checkmark.json in Resources */ = {isa = PBXBuildFile; fileRef = AC9BD0D721DECFA500467B57 /* checkmark.json */; };
		ACBE169321DF951E009DE54C /* star_success.json in Resources */ = {isa = PBXBuildFile; fileRef = ACBE169221DF951E009DE54C /* star_success.json */; };
		ACBE169521DF9570009DE54C /* ExerciseCompleteView.swift in Sources */ = {isa = PBXBuildFile; fileRef = ACBE169421DF9570009DE54C /* ExerciseCompleteView.swift */; };
		BF5242AB21DE7B7000D357EC /* Mask.swift in Sources */ = {isa = PBXBuildFile; fileRef = BF5242AA21DE7B7000D357EC /* Mask.swift */; };
		BF7E0EEB21DD77A8004D278C /* AppDelegate.swift in Sources */ = {isa = PBXBuildFile; fileRef = BF7E0EEA21DD77A8004D278C /* AppDelegate.swift */; };
		BF7E0EF021DD77A8004D278C /* Main.storyboard in Resources */ = {isa = PBXBuildFile; fileRef = BF7E0EEE21DD77A8004D278C /* Main.storyboard */; };
		BF7E0EF221DD77A9004D278C /* Assets.xcassets in Resources */ = {isa = PBXBuildFile; fileRef = BF7E0EF121DD77A9004D278C /* Assets.xcassets */; };
		BF7E0EF521DD77A9004D278C /* LaunchScreen.storyboard in Resources */ = {isa = PBXBuildFile; fileRef = BF7E0EF321DD77A9004D278C /* LaunchScreen.storyboard */; };
		BF7E0F0321DDE2C2004D278C /* ExcerciseViewController.swift in Sources */ = {isa = PBXBuildFile; fileRef = BF7E0F0221DDE2C2004D278C /* ExcerciseViewController.swift */; };
/* End PBXBuildFile section */

/* Begin PBXFileReference section */
		225FE1C021E6BE61001B2202 /* ExerciseController.swift */ = {isa = PBXFileReference; lastKnownFileType = sourcecode.swift; path = ExerciseController.swift; sourceTree = "<group>"; };
		2271C8CE21DE2C3700764C5E /* FacialExercise.swift */ = {isa = PBXFileReference; lastKnownFileType = sourcecode.swift; path = FacialExercise.swift; sourceTree = "<group>"; };
		2271C8D321DE308800764C5E /* CoreDataStack.swift */ = {isa = PBXFileReference; fileEncoding = 4; lastKnownFileType = sourcecode.swift; path = CoreDataStack.swift; sourceTree = "<group>"; };
		2271C8D421DE308800764C5E /* Exercise+Convenience.swift */ = {isa = PBXFileReference; fileEncoding = 4; lastKnownFileType = sourcecode.swift; path = "Exercise+Convenience.swift"; sourceTree = "<group>"; };
		2271C8D621DE308900764C5E /* Exercise.xcdatamodel */ = {isa = PBXFileReference; lastKnownFileType = wrapper.xcdatamodel; path = Exercise.xcdatamodel; sourceTree = "<group>"; };
		228E6AB721DEB6B60060ED5E /* UserStatHistoryView.swift */ = {isa = PBXFileReference; lastKnownFileType = sourcecode.swift; path = UserStatHistoryView.swift; sourceTree = "<group>"; };
		3D94188221DE601A0000FAD0 /* ResultViewController.swift */ = {isa = PBXFileReference; fileEncoding = 4; lastKnownFileType = sourcecode.swift; path = ResultViewController.swift; sourceTree = "<group>"; };
		3DEF492821DF0399007D900A /* ExerciseHistoryCollectionView.swift */ = {isa = PBXFileReference; fileEncoding = 4; lastKnownFileType = sourcecode.swift; path = ExerciseHistoryCollectionView.swift; sourceTree = "<group>"; };
		3DEF492921DF0399007D900A /* ChartsCollectionView.swift */ = {isa = PBXFileReference; fileEncoding = 4; lastKnownFileType = sourcecode.swift; path = ChartsCollectionView.swift; sourceTree = "<group>"; };
		3DEF492A21DF0399007D900A /* ProgressViewController.swift */ = {isa = PBXFileReference; fileEncoding = 4; lastKnownFileType = sourcecode.swift; path = ProgressViewController.swift; sourceTree = "<group>"; };
		3DEF492F21DF2881007D900A /* LevelHelper.swift */ = {isa = PBXFileReference; fileEncoding = 4; lastKnownFileType = sourcecode.swift; path = LevelHelper.swift; sourceTree = "<group>"; };
		6F573AD28E552FD36A6A0C9C /* Pods_Facial_Exercises.framework */ = {isa = PBXFileReference; explicitFileType = wrapper.framework; includeInIndex = 0; path = Pods_Facial_Exercises.framework; sourceTree = BUILT_PRODUCTS_DIR; };
		7B3010CB580678E822A59345 /* Pods-Facial Exercises.release.xcconfig */ = {isa = PBXFileReference; includeInIndex = 1; lastKnownFileType = text.xcconfig; name = "Pods-Facial Exercises.release.xcconfig"; path = "Pods/Target Support Files/Pods-Facial Exercises/Pods-Facial Exercises.release.xcconfig"; sourceTree = "<group>"; };
		AC251F4021DD798D00A62718 /* MenuViewController.swift */ = {isa = PBXFileReference; fileEncoding = 4; lastKnownFileType = sourcecode.swift; path = MenuViewController.swift; sourceTree = "<group>"; };
		AC251F4121DD798D00A62718 /* ExerciseCollectionView.swift */ = {isa = PBXFileReference; fileEncoding = 4; lastKnownFileType = sourcecode.swift; path = ExerciseCollectionView.swift; sourceTree = "<group>"; };
		AC251F4421DD799B00A62718 /* AutoLayout.swift */ = {isa = PBXFileReference; fileEncoding = 4; lastKnownFileType = sourcecode.swift; path = AutoLayout.swift; sourceTree = "<group>"; };
		AC251F4B21DD7B0D00A62718 /* ExerciseCell.swift */ = {isa = PBXFileReference; lastKnownFileType = sourcecode.swift; path = ExerciseCell.swift; sourceTree = "<group>"; };
		AC251F4D21DD814D00A62718 /* Merriweather-Bold.ttf */ = {isa = PBXFileReference; lastKnownFileType = file; path = "Merriweather-Bold.ttf"; sourceTree = "<group>"; };
		AC251F4E21DD814D00A62718 /* Merriweather-Regular.ttf */ = {isa = PBXFileReference; lastKnownFileType = file; path = "Merriweather-Regular.ttf"; sourceTree = "<group>"; };
		AC251F5221DD81AA00A62718 /* UIColor+Theme.swift */ = {isa = PBXFileReference; lastKnownFileType = sourcecode.swift; path = "UIColor+Theme.swift"; sourceTree = "<group>"; };
		AC9BD0D521DEC5D700467B57 /* AlertHelper.swift */ = {isa = PBXFileReference; lastKnownFileType = sourcecode.swift; path = AlertHelper.swift; sourceTree = "<group>"; };
		AC9BD0D721DECFA500467B57 /* checkmark.json */ = {isa = PBXFileReference; fileEncoding = 4; lastKnownFileType = text.json; path = checkmark.json; sourceTree = "<group>"; };
		ACBE169221DF951E009DE54C /* star_success.json */ = {isa = PBXFileReference; fileEncoding = 4; lastKnownFileType = text.json; path = star_success.json; sourceTree = "<group>"; };
		ACBE169421DF9570009DE54C /* ExerciseCompleteView.swift */ = {isa = PBXFileReference; lastKnownFileType = sourcecode.swift; path = ExerciseCompleteView.swift; sourceTree = "<group>"; };
		BF5242AA21DE7B7000D357EC /* Mask.swift */ = {isa = PBXFileReference; lastKnownFileType = sourcecode.swift; path = Mask.swift; sourceTree = "<group>"; };
		BF7E0EE721DD77A8004D278C /* Facial Exercises.app */ = {isa = PBXFileReference; explicitFileType = wrapper.application; includeInIndex = 0; path = "Facial Exercises.app"; sourceTree = BUILT_PRODUCTS_DIR; };
		BF7E0EEA21DD77A8004D278C /* AppDelegate.swift */ = {isa = PBXFileReference; lastKnownFileType = sourcecode.swift; path = AppDelegate.swift; sourceTree = "<group>"; };
		BF7E0EEF21DD77A8004D278C /* Base */ = {isa = PBXFileReference; lastKnownFileType = file.storyboard; name = Base; path = Base.lproj/Main.storyboard; sourceTree = "<group>"; };
		BF7E0EF121DD77A9004D278C /* Assets.xcassets */ = {isa = PBXFileReference; lastKnownFileType = folder.assetcatalog; path = Assets.xcassets; sourceTree = "<group>"; };
		BF7E0EF421DD77A9004D278C /* Base */ = {isa = PBXFileReference; lastKnownFileType = file.storyboard; name = Base; path = Base.lproj/LaunchScreen.storyboard; sourceTree = "<group>"; };
		BF7E0EF621DD77A9004D278C /* Info.plist */ = {isa = PBXFileReference; lastKnownFileType = text.plist.xml; path = Info.plist; sourceTree = "<group>"; };
		BF7E0F0221DDE2C2004D278C /* ExcerciseViewController.swift */ = {isa = PBXFileReference; lastKnownFileType = sourcecode.swift; path = ExcerciseViewController.swift; sourceTree = "<group>"; };
		F4AF143646AA6505CAA8CE27 /* Pods-Facial Exercises.debug.xcconfig */ = {isa = PBXFileReference; includeInIndex = 1; lastKnownFileType = text.xcconfig; name = "Pods-Facial Exercises.debug.xcconfig"; path = "Pods/Target Support Files/Pods-Facial Exercises/Pods-Facial Exercises.debug.xcconfig"; sourceTree = "<group>"; };
/* End PBXFileReference section */

/* Begin PBXFrameworksBuildPhase section */
		BF7E0EE421DD77A8004D278C /* Frameworks */ = {
			isa = PBXFrameworksBuildPhase;
			buildActionMask = 2147483647;
			files = (
				121FD5EECC7DB6912806BFB3 /* Pods_Facial_Exercises.framework in Frameworks */,
			);
			runOnlyForDeploymentPostprocessing = 0;
		};
/* End PBXFrameworksBuildPhase section */

/* Begin PBXGroup section */
		225FE1BF21E6BE50001B2202 /* Model and Controller */ = {
			isa = PBXGroup;
			children = (
				2271C8CE21DE2C3700764C5E /* FacialExercise.swift */,
				225FE1C021E6BE61001B2202 /* ExerciseController.swift */,
			);
			path = "Model and Controller";
			sourceTree = "<group>";
		};
		225FE1C221E6BEDF001B2202 /* Stats View */ = {
			isa = PBXGroup;
			children = (
				3DEF492A21DF0399007D900A /* ProgressViewController.swift */,
				3DEF492921DF0399007D900A /* ChartsCollectionView.swift */,
				3DEF492821DF0399007D900A /* ExerciseHistoryCollectionView.swift */,
				228E6AB721DEB6B60060ED5E /* UserStatHistoryView.swift */,
			);
			path = "Stats View";
			sourceTree = "<group>";
		};
		225FE1C521E6BF61001B2202 /* View Controllers */ = {
			isa = PBXGroup;
			children = (
				AC251F4621DD799E00A62718 /* Main Menu */,
				225FE1C221E6BEDF001B2202 /* Stats View */,
				BF7E0F0121DDCF3E004D278C /* Exercise View */,
			);
			path = "View Controllers";
			sourceTree = "<group>";
		};
		2271C8D221DE308800764C5E /* CoreData */ = {
			isa = PBXGroup;
			children = (
				2271C8D321DE308800764C5E /* CoreDataStack.swift */,
				2271C8D421DE308800764C5E /* Exercise+Convenience.swift */,
				2271C8D521DE308800764C5E /* Exercise.xcdatamodeld */,
			);
			path = CoreData;
			sourceTree = "<group>";
		};
		2F2BD05EC58BD72E81C797E3 /* Frameworks */ = {
			isa = PBXGroup;
			children = (
				6F573AD28E552FD36A6A0C9C /* Pods_Facial_Exercises.framework */,
			);
			name = Frameworks;
			sourceTree = "<group>";
		};
		AC251F4621DD799E00A62718 /* Main Menu */ = {
			isa = PBXGroup;
			children = (
				AC251F4021DD798D00A62718 /* MenuViewController.swift */,
				AC251F4121DD798D00A62718 /* ExerciseCollectionView.swift */,
				AC251F4B21DD7B0D00A62718 /* ExerciseCell.swift */,
			);
			path = "Main Menu";
			sourceTree = "<group>";
		};
		AC251F4721DD79A200A62718 /* Utils */ = {
			isa = PBXGroup;
			children = (
				BF5242AA21DE7B7000D357EC /* Mask.swift */,
				AC251F4421DD799B00A62718 /* AutoLayout.swift */,
				AC251F5221DD81AA00A62718 /* UIColor+Theme.swift */,
				AC9BD0D521DEC5D700467B57 /* AlertHelper.swift */,
				3DEF492F21DF2881007D900A /* LevelHelper.swift */,
			);
			path = Utils;
			sourceTree = "<group>";
		};
		AC251F4821DD79A600A62718 /* Resources */ = {
			isa = PBXGroup;
			children = (
				AC251F5121DD815400A62718 /* Fonts */,
				BF7E0EEA21DD77A8004D278C /* AppDelegate.swift */,
				BF7E0EEE21DD77A8004D278C /* Main.storyboard */,
				BF7E0EF121DD77A9004D278C /* Assets.xcassets */,
				BF7E0EF321DD77A9004D278C /* LaunchScreen.storyboard */,
				BF7E0EF621DD77A9004D278C /* Info.plist */,
			);
			path = Resources;
			sourceTree = "<group>";
		};
		AC251F5121DD815400A62718 /* Fonts */ = {
			isa = PBXGroup;
			children = (
				AC251F4D21DD814D00A62718 /* Merriweather-Bold.ttf */,
				AC251F4E21DD814D00A62718 /* Merriweather-Regular.ttf */,
			);
			path = Fonts;
			sourceTree = "<group>";
		};
		BF7E0EDE21DD77A8004D278C = {
			isa = PBXGroup;
			children = (
				ACBE169221DF951E009DE54C /* star_success.json */,
				AC9BD0D721DECFA500467B57 /* checkmark.json */,
				BF7E0EE921DD77A8004D278C /* Facial Exercises */,
				BF7E0EE821DD77A8004D278C /* Products */,
				E2612F27135F2961720A24A0 /* Pods */,
				2F2BD05EC58BD72E81C797E3 /* Frameworks */,
			);
			sourceTree = "<group>";
		};
		BF7E0EE821DD77A8004D278C /* Products */ = {
			isa = PBXGroup;
			children = (
				BF7E0EE721DD77A8004D278C /* Facial Exercises.app */,
			);
			name = Products;
			sourceTree = "<group>";
		};
		BF7E0EE921DD77A8004D278C /* Facial Exercises */ = {
			isa = PBXGroup;
			children = (
				2271C8D221DE308800764C5E /* CoreData */,
				225FE1BF21E6BE50001B2202 /* Model and Controller */,
				225FE1C521E6BF61001B2202 /* View Controllers */,
				AC251F4721DD79A200A62718 /* Utils */,
				AC251F4821DD79A600A62718 /* Resources */,
			);
			path = "Facial Exercises";
			sourceTree = "<group>";
		};
		BF7E0F0121DDCF3E004D278C /* Exercise View */ = {
			isa = PBXGroup;
			children = (
				BF7E0F0221DDE2C2004D278C /* ExcerciseViewController.swift */,
				3D94188221DE601A0000FAD0 /* ResultViewController.swift */,
				ACBE169421DF9570009DE54C /* ExerciseCompleteView.swift */,
			);
			path = "Exercise View";
			sourceTree = "<group>";
		};
		E2612F27135F2961720A24A0 /* Pods */ = {
			isa = PBXGroup;
			children = (
				F4AF143646AA6505CAA8CE27 /* Pods-Facial Exercises.debug.xcconfig */,
				7B3010CB580678E822A59345 /* Pods-Facial Exercises.release.xcconfig */,
			);
			name = Pods;
			sourceTree = "<group>";
		};
/* End PBXGroup section */

/* Begin PBXNativeTarget section */
		BF7E0EE621DD77A8004D278C /* Facial Exercises */ = {
			isa = PBXNativeTarget;
			buildConfigurationList = BF7E0EF921DD77A9004D278C /* Build configuration list for PBXNativeTarget "Facial Exercises" */;
			buildPhases = (
				E42C46470AC8100A63233D63 /* [CP] Check Pods Manifest.lock */,
				BF7E0EE321DD77A8004D278C /* Sources */,
				BF7E0EE421DD77A8004D278C /* Frameworks */,
				BF7E0EE521DD77A8004D278C /* Resources */,
				815DFA4A9B3311195935B7E4 /* [CP] Embed Pods Frameworks */,
			);
			buildRules = (
			);
			dependencies = (
			);
			name = "Facial Exercises";
			productName = "Facial Exercises";
			productReference = BF7E0EE721DD77A8004D278C /* Facial Exercises.app */;
			productType = "com.apple.product-type.application";
		};
/* End PBXNativeTarget section */

/* Begin PBXProject section */
		BF7E0EDF21DD77A8004D278C /* Project object */ = {
			isa = PBXProject;
			attributes = {
				LastSwiftUpdateCheck = 1010;
				LastUpgradeCheck = 1010;
				ORGANIZATIONNAME = "Vuk Radosavljevic";
				TargetAttributes = {
					BF7E0EE621DD77A8004D278C = {
						CreatedOnToolsVersion = 10.1;
					};
				};
			};
			buildConfigurationList = BF7E0EE221DD77A8004D278C /* Build configuration list for PBXProject "Facial Exercises" */;
			compatibilityVersion = "Xcode 9.3";
			developmentRegion = en;
			hasScannedForEncodings = 0;
			knownRegions = (
				en,
				Base,
			);
			mainGroup = BF7E0EDE21DD77A8004D278C;
			productRefGroup = BF7E0EE821DD77A8004D278C /* Products */;
			projectDirPath = "";
			projectRoot = "";
			targets = (
				BF7E0EE621DD77A8004D278C /* Facial Exercises */,
			);
		};
/* End PBXProject section */

/* Begin PBXResourcesBuildPhase section */
		BF7E0EE521DD77A8004D278C /* Resources */ = {
			isa = PBXResourcesBuildPhase;
			buildActionMask = 2147483647;
			files = (
				ACBE169321DF951E009DE54C /* star_success.json in Resources */,
				AC9BD0D821DECFA500467B57 /* checkmark.json in Resources */,
				BF7E0EF521DD77A9004D278C /* LaunchScreen.storyboard in Resources */,
				AC251F4F21DD814D00A62718 /* Merriweather-Bold.ttf in Resources */,
				BF7E0EF221DD77A9004D278C /* Assets.xcassets in Resources */,
				AC251F5021DD814D00A62718 /* Merriweather-Regular.ttf in Resources */,
				BF7E0EF021DD77A8004D278C /* Main.storyboard in Resources */,
			);
			runOnlyForDeploymentPostprocessing = 0;
		};
/* End PBXResourcesBuildPhase section */

/* Begin PBXShellScriptBuildPhase section */
		815DFA4A9B3311195935B7E4 /* [CP] Embed Pods Frameworks */ = {
			isa = PBXShellScriptBuildPhase;
			buildActionMask = 2147483647;
			files = (
			);
			inputFileListPaths = (
			);
			inputPaths = (
				"${SRCROOT}/Pods/Target Support Files/Pods-Facial Exercises/Pods-Facial Exercises-frameworks.sh",
				"${BUILT_PRODUCTS_DIR}/lottie-ios/Lottie.framework",
			);
			name = "[CP] Embed Pods Frameworks";
			outputFileListPaths = (
			);
			outputPaths = (
				"${TARGET_BUILD_DIR}/${FRAMEWORKS_FOLDER_PATH}/Lottie.framework",
			);
			runOnlyForDeploymentPostprocessing = 0;
			shellPath = /bin/sh;
			shellScript = "\"${SRCROOT}/Pods/Target Support Files/Pods-Facial Exercises/Pods-Facial Exercises-frameworks.sh\"\n";
			showEnvVarsInLog = 0;
		};
		E42C46470AC8100A63233D63 /* [CP] Check Pods Manifest.lock */ = {
			isa = PBXShellScriptBuildPhase;
			buildActionMask = 2147483647;
			files = (
			);
			inputFileListPaths = (
			);
			inputPaths = (
				"${PODS_PODFILE_DIR_PATH}/Podfile.lock",
				"${PODS_ROOT}/Manifest.lock",
			);
			name = "[CP] Check Pods Manifest.lock";
			outputFileListPaths = (
			);
			outputPaths = (
				"$(DERIVED_FILE_DIR)/Pods-Facial Exercises-checkManifestLockResult.txt",
			);
			runOnlyForDeploymentPostprocessing = 0;
			shellPath = /bin/sh;
			shellScript = "diff \"${PODS_PODFILE_DIR_PATH}/Podfile.lock\" \"${PODS_ROOT}/Manifest.lock\" > /dev/null\nif [ $? != 0 ] ; then\n    # print error to STDERR\n    echo \"error: The sandbox is not in sync with the Podfile.lock. Run 'pod install' or update your CocoaPods installation.\" >&2\n    exit 1\nfi\n# This output is used by Xcode 'outputs' to avoid re-running this script phase.\necho \"SUCCESS\" > \"${SCRIPT_OUTPUT_FILE_0}\"\n";
			showEnvVarsInLog = 0;
		};
/* End PBXShellScriptBuildPhase section */

/* Begin PBXSourcesBuildPhase section */
		BF7E0EE321DD77A8004D278C /* Sources */ = {
			isa = PBXSourcesBuildPhase;
			buildActionMask = 2147483647;
			files = (
				228E6AB821DEB6B60060ED5E /* UserStatHistoryView.swift in Sources */,
				AC251F4221DD798E00A62718 /* MenuViewController.swift in Sources */,
				2271C8D921DE308900764C5E /* Exercise.xcdatamodeld in Sources */,
				3DEF492D21DF0399007D900A /* ProgressViewController.swift in Sources */,
				3DEF492B21DF0399007D900A /* ExerciseHistoryCollectionView.swift in Sources */,
				AC251F4321DD798E00A62718 /* ExerciseCollectionView.swift in Sources */,
				BF7E0F0321DDE2C2004D278C /* ExcerciseViewController.swift in Sources */,
				3DEF493021DF2881007D900A /* LevelHelper.swift in Sources */,
				AC9BD0D621DEC5D700467B57 /* AlertHelper.swift in Sources */,
				ACBE169521DF9570009DE54C /* ExerciseCompleteView.swift in Sources */,
				AC251F4521DD799B00A62718 /* AutoLayout.swift in Sources */,
				3DEF492C21DF0399007D900A /* ChartsCollectionView.swift in Sources */,
				AC251F5321DD81AA00A62718 /* UIColor+Theme.swift in Sources */,
				2271C8D721DE308900764C5E /* CoreDataStack.swift in Sources */,
				2271C8CF21DE2C3700764C5E /* FacialExercise.swift in Sources */,
				BF5242AB21DE7B7000D357EC /* Mask.swift in Sources */,
				2271C8D821DE308900764C5E /* Exercise+Convenience.swift in Sources */,
				AC251F4C21DD7B0D00A62718 /* ExerciseCell.swift in Sources */,
				BF7E0EEB21DD77A8004D278C /* AppDelegate.swift in Sources */,
				225FE1C121E6BE61001B2202 /* ExerciseController.swift in Sources */,
				3D94188321DE601A0000FAD0 /* ResultViewController.swift in Sources */,
			);
			runOnlyForDeploymentPostprocessing = 0;
		};
/* End PBXSourcesBuildPhase section */

/* Begin PBXVariantGroup section */
		BF7E0EEE21DD77A8004D278C /* Main.storyboard */ = {
			isa = PBXVariantGroup;
			children = (
				BF7E0EEF21DD77A8004D278C /* Base */,
			);
			name = Main.storyboard;
			sourceTree = "<group>";
		};
		BF7E0EF321DD77A9004D278C /* LaunchScreen.storyboard */ = {
			isa = PBXVariantGroup;
			children = (
				BF7E0EF421DD77A9004D278C /* Base */,
			);
			name = LaunchScreen.storyboard;
			sourceTree = "<group>";
		};
/* End PBXVariantGroup section */

/* Begin XCBuildConfiguration section */
		BF7E0EF721DD77A9004D278C /* Debug */ = {
			isa = XCBuildConfiguration;
			buildSettings = {
				ALWAYS_SEARCH_USER_PATHS = NO;
				CLANG_ANALYZER_NONNULL = YES;
				CLANG_ANALYZER_NUMBER_OBJECT_CONVERSION = YES_AGGRESSIVE;
				CLANG_CXX_LANGUAGE_STANDARD = "gnu++14";
				CLANG_CXX_LIBRARY = "libc++";
				CLANG_ENABLE_MODULES = YES;
				CLANG_ENABLE_OBJC_ARC = YES;
				CLANG_ENABLE_OBJC_WEAK = YES;
				CLANG_WARN_BLOCK_CAPTURE_AUTORELEASING = YES;
				CLANG_WARN_BOOL_CONVERSION = YES;
				CLANG_WARN_COMMA = YES;
				CLANG_WARN_CONSTANT_CONVERSION = YES;
				CLANG_WARN_DEPRECATED_OBJC_IMPLEMENTATIONS = YES;
				CLANG_WARN_DIRECT_OBJC_ISA_USAGE = YES_ERROR;
				CLANG_WARN_DOCUMENTATION_COMMENTS = YES;
				CLANG_WARN_EMPTY_BODY = YES;
				CLANG_WARN_ENUM_CONVERSION = YES;
				CLANG_WARN_INFINITE_RECURSION = YES;
				CLANG_WARN_INT_CONVERSION = YES;
				CLANG_WARN_NON_LITERAL_NULL_CONVERSION = YES;
				CLANG_WARN_OBJC_IMPLICIT_RETAIN_SELF = YES;
				CLANG_WARN_OBJC_LITERAL_CONVERSION = YES;
				CLANG_WARN_OBJC_ROOT_CLASS = YES_ERROR;
				CLANG_WARN_RANGE_LOOP_ANALYSIS = YES;
				CLANG_WARN_STRICT_PROTOTYPES = YES;
				CLANG_WARN_SUSPICIOUS_MOVE = YES;
				CLANG_WARN_UNGUARDED_AVAILABILITY = YES_AGGRESSIVE;
				CLANG_WARN_UNREACHABLE_CODE = YES;
				CLANG_WARN__DUPLICATE_METHOD_MATCH = YES;
				CODE_SIGN_IDENTITY = "iPhone Developer";
				COPY_PHASE_STRIP = NO;
				DEBUG_INFORMATION_FORMAT = dwarf;
				ENABLE_STRICT_OBJC_MSGSEND = YES;
				ENABLE_TESTABILITY = YES;
				GCC_C_LANGUAGE_STANDARD = gnu11;
				GCC_DYNAMIC_NO_PIC = NO;
				GCC_NO_COMMON_BLOCKS = YES;
				GCC_OPTIMIZATION_LEVEL = 0;
				GCC_PREPROCESSOR_DEFINITIONS = (
					"DEBUG=1",
					"$(inherited)",
				);
				GCC_WARN_64_TO_32_BIT_CONVERSION = YES;
				GCC_WARN_ABOUT_RETURN_TYPE = YES_ERROR;
				GCC_WARN_UNDECLARED_SELECTOR = YES;
				GCC_WARN_UNINITIALIZED_AUTOS = YES_AGGRESSIVE;
				GCC_WARN_UNUSED_FUNCTION = YES;
				GCC_WARN_UNUSED_VARIABLE = YES;
				IPHONEOS_DEPLOYMENT_TARGET = 12.1;
				MTL_ENABLE_DEBUG_INFO = INCLUDE_SOURCE;
				MTL_FAST_MATH = YES;
				ONLY_ACTIVE_ARCH = YES;
				SDKROOT = iphoneos;
				SWIFT_ACTIVE_COMPILATION_CONDITIONS = DEBUG;
				SWIFT_OPTIMIZATION_LEVEL = "-Onone";
			};
			name = Debug;
		};
		BF7E0EF821DD77A9004D278C /* Release */ = {
			isa = XCBuildConfiguration;
			buildSettings = {
				ALWAYS_SEARCH_USER_PATHS = NO;
				CLANG_ANALYZER_NONNULL = YES;
				CLANG_ANALYZER_NUMBER_OBJECT_CONVERSION = YES_AGGRESSIVE;
				CLANG_CXX_LANGUAGE_STANDARD = "gnu++14";
				CLANG_CXX_LIBRARY = "libc++";
				CLANG_ENABLE_MODULES = YES;
				CLANG_ENABLE_OBJC_ARC = YES;
				CLANG_ENABLE_OBJC_WEAK = YES;
				CLANG_WARN_BLOCK_CAPTURE_AUTORELEASING = YES;
				CLANG_WARN_BOOL_CONVERSION = YES;
				CLANG_WARN_COMMA = YES;
				CLANG_WARN_CONSTANT_CONVERSION = YES;
				CLANG_WARN_DEPRECATED_OBJC_IMPLEMENTATIONS = YES;
				CLANG_WARN_DIRECT_OBJC_ISA_USAGE = YES_ERROR;
				CLANG_WARN_DOCUMENTATION_COMMENTS = YES;
				CLANG_WARN_EMPTY_BODY = YES;
				CLANG_WARN_ENUM_CONVERSION = YES;
				CLANG_WARN_INFINITE_RECURSION = YES;
				CLANG_WARN_INT_CONVERSION = YES;
				CLANG_WARN_NON_LITERAL_NULL_CONVERSION = YES;
				CLANG_WARN_OBJC_IMPLICIT_RETAIN_SELF = YES;
				CLANG_WARN_OBJC_LITERAL_CONVERSION = YES;
				CLANG_WARN_OBJC_ROOT_CLASS = YES_ERROR;
				CLANG_WARN_RANGE_LOOP_ANALYSIS = YES;
				CLANG_WARN_STRICT_PROTOTYPES = YES;
				CLANG_WARN_SUSPICIOUS_MOVE = YES;
				CLANG_WARN_UNGUARDED_AVAILABILITY = YES_AGGRESSIVE;
				CLANG_WARN_UNREACHABLE_CODE = YES;
				CLANG_WARN__DUPLICATE_METHOD_MATCH = YES;
				CODE_SIGN_IDENTITY = "iPhone Developer";
				COPY_PHASE_STRIP = NO;
				DEBUG_INFORMATION_FORMAT = "dwarf-with-dsym";
				ENABLE_NS_ASSERTIONS = NO;
				ENABLE_STRICT_OBJC_MSGSEND = YES;
				GCC_C_LANGUAGE_STANDARD = gnu11;
				GCC_NO_COMMON_BLOCKS = YES;
				GCC_WARN_64_TO_32_BIT_CONVERSION = YES;
				GCC_WARN_ABOUT_RETURN_TYPE = YES_ERROR;
				GCC_WARN_UNDECLARED_SELECTOR = YES;
				GCC_WARN_UNINITIALIZED_AUTOS = YES_AGGRESSIVE;
				GCC_WARN_UNUSED_FUNCTION = YES;
				GCC_WARN_UNUSED_VARIABLE = YES;
				IPHONEOS_DEPLOYMENT_TARGET = 12.1;
				MTL_ENABLE_DEBUG_INFO = NO;
				MTL_FAST_MATH = YES;
				SDKROOT = iphoneos;
				SWIFT_COMPILATION_MODE = wholemodule;
				SWIFT_OPTIMIZATION_LEVEL = "-O";
				VALIDATE_PRODUCT = YES;
			};
			name = Release;
		};
		BF7E0EFA21DD77A9004D278C /* Debug */ = {
			isa = XCBuildConfiguration;
			baseConfigurationReference = F4AF143646AA6505CAA8CE27 /* Pods-Facial Exercises.debug.xcconfig */;
			buildSettings = {
				ASSETCATALOG_COMPILER_APPICON_NAME = AppIcon;
				CODE_SIGN_STYLE = Automatic;
				DEVELOPMENT_TEAM = NB32394B2A;
				INFOPLIST_FILE = "$(SRCROOT)/Facial Exercises/Resources/Info.plist";
				LD_RUNPATH_SEARCH_PATHS = (
					"$(inherited)",
					"@executable_path/Frameworks",
				);
				PRODUCT_BUNDLE_IDENTIFIER = "com.SamantaGatt.Facial-Exercises";
				PRODUCT_NAME = "$(TARGET_NAME)";
				SWIFT_VERSION = 4.2;
				TARGETED_DEVICE_FAMILY = "1,2";
			};
			name = Debug;
		};
		BF7E0EFB21DD77A9004D278C /* Release */ = {
			isa = XCBuildConfiguration;
			baseConfigurationReference = 7B3010CB580678E822A59345 /* Pods-Facial Exercises.release.xcconfig */;
			buildSettings = {
				ASSETCATALOG_COMPILER_APPICON_NAME = AppIcon;
				CODE_SIGN_STYLE = Automatic;
				DEVELOPMENT_TEAM = NB32394B2A;
				INFOPLIST_FILE = "$(SRCROOT)/Facial Exercises/Resources/Info.plist";
				LD_RUNPATH_SEARCH_PATHS = (
					"$(inherited)",
					"@executable_path/Frameworks",
				);
				PRODUCT_BUNDLE_IDENTIFIER = "com.SamantaGatt.Facial-Exercises";
				PRODUCT_NAME = "$(TARGET_NAME)";
				SWIFT_VERSION = 4.2;
				TARGETED_DEVICE_FAMILY = "1,2";
			};
			name = Release;
		};
/* End XCBuildConfiguration section */

/* Begin XCConfigurationList section */
		BF7E0EE221DD77A8004D278C /* Build configuration list for PBXProject "Facial Exercises" */ = {
			isa = XCConfigurationList;
			buildConfigurations = (
				BF7E0EF721DD77A9004D278C /* Debug */,
				BF7E0EF821DD77A9004D278C /* Release */,
			);
			defaultConfigurationIsVisible = 0;
			defaultConfigurationName = Release;
		};
		BF7E0EF921DD77A9004D278C /* Build configuration list for PBXNativeTarget "Facial Exercises" */ = {
			isa = XCConfigurationList;
			buildConfigurations = (
				BF7E0EFA21DD77A9004D278C /* Debug */,
				BF7E0EFB21DD77A9004D278C /* Release */,
			);
			defaultConfigurationIsVisible = 0;
			defaultConfigurationName = Release;
		};
/* End XCConfigurationList section */

/* Begin XCVersionGroup section */
		2271C8D521DE308800764C5E /* Exercise.xcdatamodeld */ = {
			isa = XCVersionGroup;
			children = (
				2271C8D621DE308900764C5E /* Exercise.xcdatamodel */,
			);
			currentVersion = 2271C8D621DE308900764C5E /* Exercise.xcdatamodel */;
			path = Exercise.xcdatamodeld;
			sourceTree = "<group>";
			versionGroupType = wrapper.xcdatamodel;
		};
/* End XCVersionGroup section */
	};
	rootObject = BF7E0EDF21DD77A8004D278C /* Project object */;
}
